# generated by rye
# use `rye lock` or `rye sync` to update this lockfile
#
# last locked with the following flags:
#   pre: false
#   features: []
#   all-features: false
#   with-sources: false

-e file:.
colorama==0.4.6
    # via pytest
cssselect==1.2.0
    # via parsel
exceptiongroup==1.2.1
    # via pytest
greenlet==3.0.3
    # via playwright
html2text==2024.2.26
    # via dataharvest
iniconfig==2.0.0
    # via pytest
jmespath==1.0.1
    # via parsel
lxml==5.2.2
    # via parsel
packaging==24.1
    # via parsel
    # via pytest
parsel==1.9.1
    # via dataharvest
playwright==1.44.0
    # via dataharvest
pluggy==1.5.0
    # via pytest
pyee==11.1.0
    # via playwright
pytest==8.2.2
    # via pytest-asyncio
pytest-asyncio==0.23.7
tomli==2.0.1
    # via pytest
typing-extensions==4.12.2
    # via pyee
w3lib==2.2.1
    # via parsel
