# generated by rye
# use `rye lock` or `rye sync` to update this lockfile
#
# last locked with the following flags:
#   pre: false
#   features: []
#   all-features: false
#   with-sources: false

-e file:.
cssselect==1.2.0
    # via parsel
greenlet==3.0.3
    # via playwright
html2text==2024.2.26
    # via dataharvest
jmespath==1.0.1
    # via parsel
lxml==5.2.2
    # via parsel
packaging==24.1
    # via parsel
parsel==1.9.1
    # via dataharvest
playwright==1.44.0
    # via dataharvest
pyee==11.1.0
    # via playwright
typing-extensions==4.12.2
    # via pyee
w3lib==2.2.1
    # via parsel
